
Microsoft Visual Studio Solution File, Format Version 12.00
# Visual Studio Version 17
VisualStudioVersion = 17.13.35825.156 d17.13
MinimumVisualStudioVersion = 10.0.40219.1
Project("{FAE04EC0-301F-11D3-BF4B-00C04F79EFBC}") = "Hospital_Management", "Hospital_Management\Hospital_Management.csproj", "{88E9780E-1DAA-4AE9-A70D-97EBCEA5785E}"
EndProject
Global
	GlobalSection(SolutionConfigurationPlatforms) = preSolution
		Debug|Any CPU = Debug|Any CPU
		Release|Any CPU = Release|Any CPU
	EndGlobalSection
	GlobalSection(ProjectConfigurationPlatforms) = postSolution
		{88E9780E-1DAA-4AE9-A70D-97EBCEA5785E}.Debug|Any CPU.ActiveCfg = Debug|Any CPU
		{88E9780E-1DAA-4AE9-A70D-97EBCEA5785E}.Debug|Any CPU.Build.0 = Debug|Any CPU
		{88E9780E-1DAA-4AE9-A70D-97EBCEA5785E}.Release|Any CPU.ActiveCfg = Release|Any CPU
		{88E9780E-1DAA-4AE9-A70D-97EBCEA5785E}.Release|Any CPU.Build.0 = Release|Any CPU
	EndGlobalSection
	GlobalSection(SolutionProperties) = preSolution
		HideSolutionNode = FALSE
	EndGlobalSection
	GlobalSection(ExtensibilityGlobals) = postSolution
		SolutionGuid = {6EF6E562-C799-48DE-B80D-26B6E6989AC3}
	EndGlobalSection
EndGlobal
